
Microsoft Visual Studio Solution File, Format Version 12.00
# Visual Studio 15
VisualStudioVersion = 15.0.28307.1082
MinimumVisualStudioVersion = 10.0.40219.1
Project("{FAE04EC0-301F-11D3-BF4B-00C04F79EFBC}") = "Step02", "Step02\Step02.csproj", "{DC3AF290-0B5B-4A9B-AA0F-C0519642B32B}"
EndProject
Project("{FAE04EC0-301F-11D3-BF4B-00C04F79EFBC}") = "Step01", "Step01\Step01.csproj", "{E98121D1-5E00-4233-B465-06704A529384}"
EndProject
Project("{FAE04EC0-301F-11D3-BF4B-00C04F79EFBC}") = "Step03", "Step03\Step03.csproj", "{19844661-6915-444F-8F97-F106EDBD71D9}"
EndProject
Project("{FAE04EC0-301F-11D3-BF4B-00C04F79EFBC}") = "Step04", "Step04\Step04.csproj", "{FB7CB9AB-86BD-414D-9484-9533D091D9FD}"
EndProject
Project("{FAE04EC0-301F-11D3-BF4B-00C04F79EFBC}") = "Step05", "Step05\Step05.csproj", "{02888811-0A3F-4651-875A-F12390761BF4}"
EndProject
Global
	GlobalSection(SolutionConfigurationPlatforms) = preSolution
		Debug|Any CPU = Debug|Any CPU
		Release|Any CPU = Release|Any CPU
	EndGlobalSection
	GlobalSection(ProjectConfigurationPlatforms) = postSolution
		{DC3AF290-0B5B-4A9B-AA0F-C0519642B32B}.Debug|Any CPU.ActiveCfg = Debug|Any CPU
		{DC3AF290-0B5B-4A9B-AA0F-C0519642B32B}.Debug|Any CPU.Build.0 = Debug|Any CPU
		{DC3AF290-0B5B-4A9B-AA0F-C0519642B32B}.Release|Any CPU.ActiveCfg = Release|Any CPU
		{DC3AF290-0B5B-4A9B-AA0F-C0519642B32B}.Release|Any CPU.Build.0 = Release|Any CPU
		{E98121D1-5E00-4233-B465-06704A529384}.Debug|Any CPU.ActiveCfg = Debug|Any CPU
		{E98121D1-5E00-4233-B465-06704A529384}.Debug|Any CPU.Build.0 = Debug|Any CPU
		{E98121D1-5E00-4233-B465-06704A529384}.Release|Any CPU.ActiveCfg = Release|Any CPU
		{E98121D1-5E00-4233-B465-06704A529384}.Release|Any CPU.Build.0 = Release|Any CPU
		{19844661-6915-444F-8F97-F106EDBD71D9}.Debug|Any CPU.ActiveCfg = Debug|Any CPU
		{19844661-6915-444F-8F97-F106EDBD71D9}.Debug|Any CPU.Build.0 = Debug|Any CPU
		{19844661-6915-444F-8F97-F106EDBD71D9}.Release|Any CPU.ActiveCfg = Release|Any CPU
		{19844661-6915-444F-8F97-F106EDBD71D9}.Release|Any CPU.Build.0 = Release|Any CPU
		{FB7CB9AB-86BD-414D-9484-9533D091D9FD}.Debug|Any CPU.ActiveCfg = Debug|Any CPU
		{FB7CB9AB-86BD-414D-9484-9533D091D9FD}.Debug|Any CPU.Build.0 = Debug|Any CPU
		{FB7CB9AB-86BD-414D-9484-9533D091D9FD}.Release|Any CPU.ActiveCfg = Release|Any CPU
		{FB7CB9AB-86BD-414D-9484-9533D091D9FD}.Release|Any CPU.Build.0 = Release|Any CPU
		{02888811-0A3F-4651-875A-F12390761BF4}.Debug|Any CPU.ActiveCfg = Debug|Any CPU
		{02888811-0A3F-4651-875A-F12390761BF4}.Debug|Any CPU.Build.0 = Debug|Any CPU
		{02888811-0A3F-4651-875A-F12390761BF4}.Release|Any CPU.ActiveCfg = Release|Any CPU
		{02888811-0A3F-4651-875A-F12390761BF4}.Release|Any CPU.Build.0 = Release|Any CPU
	EndGlobalSection
	GlobalSection(SolutionProperties) = preSolution
		HideSolutionNode = FALSE
	EndGlobalSection
	GlobalSection(ExtensibilityGlobals) = postSolution
		SolutionGuid = {766D2029-8439-46E4-843E-C006F079B7EE}
	EndGlobalSection
EndGlobal
